
Microsoft Visual Studio Solution File, Format Version 12.00
# Visual Studio 2013
VisualStudioVersion = 12.0.21005.1
MinimumVisualStudioVersion = 10.0.40219.1
Project("{FAE04EC0-301F-11D3-BF4B-00C04F79EFBC}") = "CreateWordGWJS", "CreateWordGWJS\CreateWordGWJS.csproj", "{A53E3154-2F87-425B-B946-2E8B1D1DBFF9}"
EndProject
Project("{FAE04EC0-301F-11D3-BF4B-00C04F79EFBC}") = "CreateWord", "CreateWord\CreateWord.csproj", "{7F3A42F7-16F4-467B-91C7-3D4EF4C7C8AC}"
EndProject
Global
	GlobalSection(SolutionConfigurationPlatforms) = preSolution
		Debug|Any CPU = Debug|Any CPU
		Release|Any CPU = Release|Any CPU
	EndGlobalSection
	GlobalSection(ProjectConfigurationPlatforms) = postSolution
		{A53E3154-2F87-425B-B946-2E8B1D1DBFF9}.Debug|Any CPU.ActiveCfg = Debug|Any CPU
		{A53E3154-2F87-425B-B946-2E8B1D1DBFF9}.Debug|Any CPU.Build.0 = Debug|Any CPU
		{A53E3154-2F87-425B-B946-2E8B1D1DBFF9}.Release|Any CPU.ActiveCfg = Release|Any CPU
		{A53E3154-2F87-425B-B946-2E8B1D1DBFF9}.Release|Any CPU.Build.0 = Release|Any CPU
		{7F3A42F7-16F4-467B-91C7-3D4EF4C7C8AC}.Debug|Any CPU.ActiveCfg = Debug|Any CPU
		{7F3A42F7-16F4-467B-91C7-3D4EF4C7C8AC}.Debug|Any CPU.Build.0 = Debug|Any CPU
		{7F3A42F7-16F4-467B-91C7-3D4EF4C7C8AC}.Release|Any CPU.ActiveCfg = Release|Any CPU
		{7F3A42F7-16F4-467B-91C7-3D4EF4C7C8AC}.Release|Any CPU.Build.0 = Release|Any CPU
	EndGlobalSection
	GlobalSection(SolutionProperties) = preSolution
		HideSolutionNode = FALSE
	EndGlobalSection
EndGlobal
